
Microsoft Visual Studio Solution File, Format Version 12.00
# Visual Studio Version 17
VisualStudioVersion = 17.5.33103.201
MinimumVisualStudioVersion = 10.0.40219.1
Project("{FAE04EC0-301F-11D3-BF4B-00C04F79EFBC}") = "WinService", "WinService\WinService.csproj", "{DE897D43-8326-4228-8EFE-A8312ECBF3A2}"
EndProject
Project("{FAE04EC0-301F-11D3-BF4B-00C04F79EFBC}") = "WinService.Common", "WinService.Common\WinService.Common.csproj", "{A687E44F-E286-4B75-8A05-866F52A85CB9}"
EndProject
Project("{FAE04EC0-301F-11D3-BF4B-00C04F79EFBC}") = "SampleAddIn", "SampleAddIn\SampleAddIn.csproj", "{3A92F45B-C797-4CB9-9C0F-DB60C3C0E960}"
EndProject
Global
	GlobalSection(SolutionConfigurationPlatforms) = preSolution
		Debug|Any CPU = Debug|Any CPU
		Release|Any CPU = Release|Any CPU
	EndGlobalSection
	GlobalSection(ProjectConfigurationPlatforms) = postSolution
		{DE897D43-8326-4228-8EFE-A8312ECBF3A2}.Debug|Any CPU.ActiveCfg = Debug|Any CPU
		{DE897D43-8326-4228-8EFE-A8312ECBF3A2}.Debug|Any CPU.Build.0 = Debug|Any CPU
		{DE897D43-8326-4228-8EFE-A8312ECBF3A2}.Release|Any CPU.ActiveCfg = Release|Any CPU
		{DE897D43-8326-4228-8EFE-A8312ECBF3A2}.Release|Any CPU.Build.0 = Release|Any CPU
		{A687E44F-E286-4B75-8A05-866F52A85CB9}.Debug|Any CPU.ActiveCfg = Debug|Any CPU
		{A687E44F-E286-4B75-8A05-866F52A85CB9}.Debug|Any CPU.Build.0 = Debug|Any CPU
		{A687E44F-E286-4B75-8A05-866F52A85CB9}.Release|Any CPU.ActiveCfg = Release|Any CPU
		{A687E44F-E286-4B75-8A05-866F52A85CB9}.Release|Any CPU.Build.0 = Release|Any CPU
		{3A92F45B-C797-4CB9-9C0F-DB60C3C0E960}.Debug|Any CPU.ActiveCfg = Debug|Any CPU
		{3A92F45B-C797-4CB9-9C0F-DB60C3C0E960}.Debug|Any CPU.Build.0 = Debug|Any CPU
		{3A92F45B-C797-4CB9-9C0F-DB60C3C0E960}.Release|Any CPU.ActiveCfg = Release|Any CPU
	EndGlobalSection
	GlobalSection(SolutionProperties) = preSolution
		HideSolutionNode = FALSE
	EndGlobalSection
	GlobalSection(ExtensibilityGlobals) = postSolution
		SolutionGuid = {752D927F-C841-4FF6-8110-7BB222946568}
	EndGlobalSection
EndGlobal
